
Microsoft Visual Studio Solution File, Format Version 12.00
# Visual Studio Version 16
VisualStudioVersion = 16.0.30907.101
MinimumVisualStudioVersion = 10.0.40219.1
Project("{8BC9CEB8-8B4A-11D0-8D11-00A0C91BC942}") = "IDM_Parser", "IDM_Parser\IDM_Parser.vcxproj", "{DCE872E6-AB61-4332-AE22-4BC7ACC651A3}"
EndProject
Global
	GlobalSection(SolutionConfigurationPlatforms) = preSolution
		Debug|x64 = Debug|x64
		Debug|x86 = Debug|x86
		Release|x64 = Release|x64
		Release|x86 = Release|x86
	EndGlobalSection
	GlobalSection(ProjectConfigurationPlatforms) = postSolution
		{DCE872E6-AB61-4332-AE22-4BC7ACC651A3}.Debug|x64.ActiveCfg = Debug|x64
		{DCE872E6-AB61-4332-AE22-4BC7ACC651A3}.Debug|x64.Build.0 = Debug|x64
		{DCE872E6-AB61-4332-AE22-4BC7ACC651A3}.Debug|x86.ActiveCfg = Debug|Win32
		{DCE872E6-AB61-4332-AE22-4BC7ACC651A3}.Debug|x86.Build.0 = Debug|Win32
		{DCE872E6-AB61-4332-AE22-4BC7ACC651A3}.Release|x64.ActiveCfg = Release|x64
		{DCE872E6-AB61-4332-AE22-4BC7ACC651A3}.Release|x64.Build.0 = Release|x64
		{DCE872E6-AB61-4332-AE22-4BC7ACC651A3}.Release|x86.ActiveCfg = Release|Win32
		{DCE872E6-AB61-4332-AE22-4BC7ACC651A3}.Release|x86.Build.0 = Release|Win32
	EndGlobalSection
	GlobalSection(SolutionProperties) = preSolution
		HideSolutionNode = FALSE
	EndGlobalSection
	GlobalSection(ExtensibilityGlobals) = postSolution
		SolutionGuid = {000738C5-51C6-4EB5-BF55-756C5C76B71C}
	EndGlobalSection
EndGlobal
